
Microsoft Visual Studio Solution File, Format Version 12.00
# Visual Studio 15
VisualStudioVersion = 15.0.28010.0
MinimumVisualStudioVersion = 10.0.40219.1
Project("{FAE04EC0-301F-11D3-BF4B-00C04F79EFBC}") = "TimerEvents2", "TimerEvents2\TimerEvents2.csproj", "{6B6FD376-FD2C-406E-B9A6-B605D0AB9746}"
EndProject
Global
	GlobalSection(SolutionConfigurationPlatforms) = preSolution
		Debug|Any CPU = Debug|Any CPU
		Release|Any CPU = Release|Any CPU
	EndGlobalSection
	GlobalSection(ProjectConfigurationPlatforms) = postSolution
		{6B6FD376-FD2C-406E-B9A6-B605D0AB9746}.Debug|Any CPU.ActiveCfg = Debug|Any CPU
		{6B6FD376-FD2C-406E-B9A6-B605D0AB9746}.Debug|Any CPU.Build.0 = Debug|Any CPU
		{6B6FD376-FD2C-406E-B9A6-B605D0AB9746}.Release|Any CPU.ActiveCfg = Release|Any CPU
		{6B6FD376-FD2C-406E-B9A6-B605D0AB9746}.Release|Any CPU.Build.0 = Release|Any CPU
	EndGlobalSection
	GlobalSection(SolutionProperties) = preSolution
		HideSolutionNode = FALSE
	EndGlobalSection
	GlobalSection(ExtensibilityGlobals) = postSolution
		SolutionGuid = {C0C6F12B-FC26-44E6-B38C-B46A2CE491F9}
	EndGlobalSection
EndGlobal
