
Microsoft Visual Studio Solution File, Format Version 12.00
# Visual Studio 15
VisualStudioVersion = 15.0.28010.0
MinimumVisualStudioVersion = 10.0.40219.1
Project("{FAE04EC0-301F-11D3-BF4B-00C04F79EFBC}") = "SortString", "ConsoleApp1\SortString.csproj", "{F548A95C-DE9D-48E1-9CFE-93B40C41F237}"
EndProject
Global
	GlobalSection(SolutionConfigurationPlatforms) = preSolution
		Debug|Any CPU = Debug|Any CPU
		Release|Any CPU = Release|Any CPU
	EndGlobalSection
	GlobalSection(ProjectConfigurationPlatforms) = postSolution
		{F548A95C-DE9D-48E1-9CFE-93B40C41F237}.Debug|Any CPU.ActiveCfg = Debug|Any CPU
		{F548A95C-DE9D-48E1-9CFE-93B40C41F237}.Debug|Any CPU.Build.0 = Debug|Any CPU
		{F548A95C-DE9D-48E1-9CFE-93B40C41F237}.Release|Any CPU.ActiveCfg = Release|Any CPU
		{F548A95C-DE9D-48E1-9CFE-93B40C41F237}.Release|Any CPU.Build.0 = Release|Any CPU
	EndGlobalSection
	GlobalSection(SolutionProperties) = preSolution
		HideSolutionNode = FALSE
	EndGlobalSection
	GlobalSection(ExtensibilityGlobals) = postSolution
		SolutionGuid = {DBC5F319-E0B0-43F9-96B6-E4031A240334}
	EndGlobalSection
EndGlobal
